
Microsoft Visual Studio Solution File, Format Version 12.00
Project("{F2A71F9B-5D33-465A-A702-920D77279786}") = "Diorite.Lang.CLI", "src\Diorite.Lang.CLI\Diorite.Lang.CLI.fsproj", "{F81D9EE5-ACC5-4593-AE81-52A0794030BB}"
EndProject
Project("{F2A71F9B-5D33-465A-A702-920D77279786}") = "Diorite.Lang.API", "src\Diorite.Lang.API\Diorite.Lang.API.fsproj", "{FDBCB76D-2EC6-4FC9-A0D1-F52ACD8C17F2}"
EndProject
Project("{F2A71F9B-5D33-465A-A702-920D77279786}") = "Diorite.Lang.Core", "src\Diorite.Lang.Core\Diorite.Lang.Core.fsproj", "{1570F107-022C-4AF4-AA65-C31671AD609A}"
EndProject
Global
	GlobalSection(SolutionConfigurationPlatforms) = preSolution
		Debug|Any CPU = Debug|Any CPU
		Release|Any CPU = Release|Any CPU
	EndGlobalSection
	GlobalSection(ProjectConfigurationPlatforms) = postSolution
		{F81D9EE5-ACC5-4593-AE81-52A0794030BB}.Debug|Any CPU.ActiveCfg = Debug|Any CPU
		{F81D9EE5-ACC5-4593-AE81-52A0794030BB}.Debug|Any CPU.Build.0 = Debug|Any CPU
		{F81D9EE5-ACC5-4593-AE81-52A0794030BB}.Release|Any CPU.ActiveCfg = Release|Any CPU
		{F81D9EE5-ACC5-4593-AE81-52A0794030BB}.Release|Any CPU.Build.0 = Release|Any CPU
		{FDBCB76D-2EC6-4FC9-A0D1-F52ACD8C17F2}.Debug|Any CPU.ActiveCfg = Debug|Any CPU
		{FDBCB76D-2EC6-4FC9-A0D1-F52ACD8C17F2}.Debug|Any CPU.Build.0 = Debug|Any CPU
		{FDBCB76D-2EC6-4FC9-A0D1-F52ACD8C17F2}.Release|Any CPU.ActiveCfg = Release|Any CPU
		{FDBCB76D-2EC6-4FC9-A0D1-F52ACD8C17F2}.Release|Any CPU.Build.0 = Release|Any CPU
		{1570F107-022C-4AF4-AA65-C31671AD609A}.Debug|Any CPU.ActiveCfg = Debug|Any CPU
		{1570F107-022C-4AF4-AA65-C31671AD609A}.Debug|Any CPU.Build.0 = Debug|Any CPU
		{1570F107-022C-4AF4-AA65-C31671AD609A}.Release|Any CPU.ActiveCfg = Release|Any CPU
		{1570F107-022C-4AF4-AA65-C31671AD609A}.Release|Any CPU.Build.0 = Release|Any CPU
	EndGlobalSection
EndGlobal
